// !$*UTF8*$!
{
	archiveVersion = 1;
	classes = {
	};
	objectVersion = 46;
	objects = {

/* Begin PBXBuildFile section */
		7524AF871ED48E9D00145132 /* Armor.swift in Sources */ = {isa = PBXBuildFile; fileRef = 7524AF7A1ED48E9D00145132 /* Armor.swift */; };
		7524AF881ED48E9D00145132 /* ArmorDictionary.swift in Sources */ = {isa = PBXBuildFile; fileRef = 7524AF7B1ED48E9D00145132 /* ArmorDictionary.swift */; };
		7524AF891ED48E9D00145132 /* Enemy.swift in Sources */ = {isa = PBXBuildFile; fileRef = 7524AF7C1ED48E9D00145132 /* Enemy.swift */; };
		7524AF8A1ED48E9D00145132 /* EnemyDictionary.swift in Sources */ = {isa = PBXBuildFile; fileRef = 7524AF7D1ED48E9D00145132 /* EnemyDictionary.swift */; };
		7524AF8B1ED48E9D00145132 /* Entity.swift in Sources */ = {isa = PBXBuildFile; fileRef = 7524AF7E1ED48E9D00145132 /* Entity.swift */; };
		7524AF8C1ED48E9D00145132 /* Item.swift in Sources */ = {isa = PBXBuildFile; fileRef = 7524AF7F1ED48E9D00145132 /* Item.swift */; };
		7524AF8D1ED48E9D00145132 /* ItemDictionary.swift in Sources */ = {isa = PBXBuildFile; fileRef = 7524AF801ED48E9D00145132 /* ItemDictionary.swift */; };
		7524AF8E1ED48E9D00145132 /* player.swift in Sources */ = {isa = PBXBuildFile; fileRef = 7524AF811ED48E9D00145132 /* player.swift */; };
		7524AF8F1ED48E9D00145132 /* Shield.swift in Sources */ = {isa = PBXBuildFile; fileRef = 7524AF821ED48E9D00145132 /* Shield.swift */; };
		7524AF901ED48E9D00145132 /* ShieldDictionary.swift in Sources */ = {isa = PBXBuildFile; fileRef = 7524AF831ED48E9D00145132 /* ShieldDictionary.swift */; };
		7524AF911ED48E9D00145132 /* Story.swift in Sources */ = {isa = PBXBuildFile; fileRef = 7524AF841ED48E9D00145132 /* Story.swift */; };
		7524AF921ED48E9D00145132 /* Weapon.swift in Sources */ = {isa = PBXBuildFile; fileRef = 7524AF851ED48E9D00145132 /* Weapon.swift */; };
		7524AF931ED48E9D00145132 /* WeaponDictionary.swift in Sources */ = {isa = PBXBuildFile; fileRef = 7524AF861ED48E9D00145132 /* WeaponDictionary.swift */; };
		75D1D64F1ED5E9C2009C85C5 /* Assets.xcassets in Resources */ = {isa = PBXBuildFile; fileRef = 75D1D64E1ED5E9C2009C85C5 /* Assets.xcassets */; };
		75D1D6551ED5E9EB009C85C5 /* InventoryViewController.swift in Sources */ = {isa = PBXBuildFile; fileRef = 75D1D6501ED5E9EB009C85C5 /* InventoryViewController.swift */; };
		75D1D6561ED5E9EB009C85C5 /* myTransitionlalalal.swift in Sources */ = {isa = PBXBuildFile; fileRef = 75D1D6511ED5E9EB009C85C5 /* myTransitionlalalal.swift */; };
		75D1D6571ED5E9EB009C85C5 /* SettingsViewController.swift in Sources */ = {isa = PBXBuildFile; fileRef = 75D1D6521ED5E9EB009C85C5 /* SettingsViewController.swift */; };
		75D1D6581ED5E9EB009C85C5 /* StartScreenViewController.swift in Sources */ = {isa = PBXBuildFile; fileRef = 75D1D6531ED5E9EB009C85C5 /* StartScreenViewController.swift */; };
		75D1D6591ED5E9EB009C85C5 /* StoreViewController.swift in Sources */ = {isa = PBXBuildFile; fileRef = 75D1D6541ED5E9EB009C85C5 /* StoreViewController.swift */; };
		75D1D65B1ED5EA05009C85C5 /* Main.storyboard in Resources */ = {isa = PBXBuildFile; fileRef = 75D1D65A1ED5EA05009C85C5 /* Main.storyboard */; };
		75D1D65D1ED5EA21009C85C5 /* deutschgothic.ttf in Resources */ = {isa = PBXBuildFile; fileRef = 75D1D65C1ED5EA21009C85C5 /* deutschgothic.ttf */; };
		75E841771EC6086D00AF5019 /* AppDelegate.swift in Sources */ = {isa = PBXBuildFile; fileRef = 75E841761EC6086D00AF5019 /* AppDelegate.swift */; };
		75E841811EC6086D00AF5019 /* LaunchScreen.storyboard in Resources */ = {isa = PBXBuildFile; fileRef = 75E8417F1EC6086D00AF5019 /* LaunchScreen.storyboard */; };
/* End PBXBuildFile section */

/* Begin PBXFileReference section */
		7524AF7A1ED48E9D00145132 /* Armor.swift */ = {isa = PBXFileReference; fileEncoding = 4; lastKnownFileType = sourcecode.swift; path = Armor.swift; sourceTree = "<group>"; };
		7524AF7B1ED48E9D00145132 /* ArmorDictionary.swift */ = {isa = PBXFileReference; fileEncoding = 4; lastKnownFileType = sourcecode.swift; path = ArmorDictionary.swift; sourceTree = "<group>"; };
		7524AF7C1ED48E9D00145132 /* Enemy.swift */ = {isa = PBXFileReference; fileEncoding = 4; lastKnownFileType = sourcecode.swift; path = Enemy.swift; sourceTree = "<group>"; };
		7524AF7D1ED48E9D00145132 /* EnemyDictionary.swift */ = {isa = PBXFileReference; fileEncoding = 4; lastKnownFileType = sourcecode.swift; path = EnemyDictionary.swift; sourceTree = "<group>"; };
		7524AF7E1ED48E9D00145132 /* Entity.swift */ = {isa = PBXFileReference; fileEncoding = 4; lastKnownFileType = sourcecode.swift; path = Entity.swift; sourceTree = "<group>"; };
		7524AF7F1ED48E9D00145132 /* Item.swift */ = {isa = PBXFileReference; fileEncoding = 4; lastKnownFileType = sourcecode.swift; path = Item.swift; sourceTree = "<group>"; };
		7524AF801ED48E9D00145132 /* ItemDictionary.swift */ = {isa = PBXFileReference; fileEncoding = 4; lastKnownFileType = sourcecode.swift; path = ItemDictionary.swift; sourceTree = "<group>"; };
		7524AF811ED48E9D00145132 /* player.swift */ = {isa = PBXFileReference; fileEncoding = 4; lastKnownFileType = sourcecode.swift; path = player.swift; sourceTree = "<group>"; };
		7524AF821ED48E9D00145132 /* Shield.swift */ = {isa = PBXFileReference; fileEncoding = 4; lastKnownFileType = sourcecode.swift; path = Shield.swift; sourceTree = "<group>"; };
		7524AF831ED48E9D00145132 /* ShieldDictionary.swift */ = {isa = PBXFileReference; fileEncoding = 4; lastKnownFileType = sourcecode.swift; path = ShieldDictionary.swift; sourceTree = "<group>"; };
		7524AF841ED48E9D00145132 /* Story.swift */ = {isa = PBXFileReference; fileEncoding = 4; lastKnownFileType = sourcecode.swift; path = Story.swift; sourceTree = "<group>"; };
		7524AF851ED48E9D00145132 /* Weapon.swift */ = {isa = PBXFileReference; fileEncoding = 4; lastKnownFileType = sourcecode.swift; path = Weapon.swift; sourceTree = "<group>"; };
		7524AF861ED48E9D00145132 /* WeaponDictionary.swift */ = {isa = PBXFileReference; fileEncoding = 4; lastKnownFileType = sourcecode.swift; path = WeaponDictionary.swift; sourceTree = "<group>"; };
		75D1D64E1ED5E9C2009C85C5 /* Assets.xcassets */ = {isa = PBXFileReference; lastKnownFileType = folder.assetcatalog; path = Assets.xcassets; sourceTree = "<group>"; };
		75D1D6501ED5E9EB009C85C5 /* InventoryViewController.swift */ = {isa = PBXFileReference; fileEncoding = 4; lastKnownFileType = sourcecode.swift; path = InventoryViewController.swift; sourceTree = "<group>"; };
		75D1D6511ED5E9EB009C85C5 /* myTransitionlalalal.swift */ = {isa = PBXFileReference; fileEncoding = 4; lastKnownFileType = sourcecode.swift; path = myTransitionlalalal.swift; sourceTree = "<group>"; };
		75D1D6521ED5E9EB009C85C5 /* SettingsViewController.swift */ = {isa = PBXFileReference; fileEncoding = 4; lastKnownFileType = sourcecode.swift; path = SettingsViewController.swift; sourceTree = "<group>"; };
		75D1D6531ED5E9EB009C85C5 /* StartScreenViewController.swift */ = {isa = PBXFileReference; fileEncoding = 4; lastKnownFileType = sourcecode.swift; path = StartScreenViewController.swift; sourceTree = "<group>"; };
		75D1D6541ED5E9EB009C85C5 /* StoreViewController.swift */ = {isa = PBXFileReference; fileEncoding = 4; lastKnownFileType = sourcecode.swift; path = StoreViewController.swift; sourceTree = "<group>"; };
		75D1D65A1ED5EA05009C85C5 /* Main.storyboard */ = {isa = PBXFileReference; fileEncoding = 4; lastKnownFileType = file.storyboard; path = Main.storyboard; sourceTree = "<group>"; };
		75D1D65C1ED5EA21009C85C5 /* deutschgothic.ttf */ = {isa = PBXFileReference; lastKnownFileType = file; path = deutschgothic.ttf; sourceTree = "<group>"; };
		75E841731EC6086D00AF5019 /* ShardsOfTheInfinite.app */ = {isa = PBXFileReference; explicitFileType = wrapper.application; includeInIndex = 0; path = ShardsOfTheInfinite.app; sourceTree = BUILT_PRODUCTS_DIR; };
		75E841761EC6086D00AF5019 /* AppDelegate.swift */ = {isa = PBXFileReference; lastKnownFileType = sourcecode.swift; path = AppDelegate.swift; sourceTree = "<group>"; };
		75E841801EC6086D00AF5019 /* Base */ = {isa = PBXFileReference; lastKnownFileType = file.storyboard; name = Base; path = Base.lproj/LaunchScreen.storyboard; sourceTree = "<group>"; };
		75E841821EC6086D00AF5019 /* Info.plist */ = {isa = PBXFileReference; lastKnownFileType = text.plist.xml; path = Info.plist; sourceTree = "<group>"; };
/* End PBXFileReference section */

/* Begin PBXFrameworksBuildPhase section */
		75E841701EC6086C00AF5019 /* Frameworks */ = {
			isa = PBXFrameworksBuildPhase;
			buildActionMask = 2147483647;
			files = (
			);
			runOnlyForDeploymentPostprocessing = 0;
		};
/* End PBXFrameworksBuildPhase section */

/* Begin PBXGroup section */
		75E8416A1EC6086C00AF5019 = {
			isa = PBXGroup;
			children = (
				75E841751EC6086D00AF5019 /* ShardsOfTheInfinite */,
				75E841741EC6086D00AF5019 /* Products */,
			);
			sourceTree = "<group>";
		};
		75E841741EC6086D00AF5019 /* Products */ = {
			isa = PBXGroup;
			children = (
				75E841731EC6086D00AF5019 /* ShardsOfTheInfinite.app */,
			);
			name = Products;
			sourceTree = "<group>";
		};
		75E841751EC6086D00AF5019 /* ShardsOfTheInfinite */ = {
			isa = PBXGroup;
			children = (
				75E841761EC6086D00AF5019 /* AppDelegate.swift */,
				75D1D6501ED5E9EB009C85C5 /* InventoryViewController.swift */,
				75D1D6511ED5E9EB009C85C5 /* myTransitionlalalal.swift */,
				75D1D6521ED5E9EB009C85C5 /* SettingsViewController.swift */,
				75D1D6531ED5E9EB009C85C5 /* StartScreenViewController.swift */,
				75D1D6541ED5E9EB009C85C5 /* StoreViewController.swift */,
				75D1D65A1ED5EA05009C85C5 /* Main.storyboard */,
				75E8417F1EC6086D00AF5019 /* LaunchScreen.storyboard */,
				75D1D64E1ED5E9C2009C85C5 /* Assets.xcassets */,
				75E841821EC6086D00AF5019 /* Info.plist */,
				7524AF7A1ED48E9D00145132 /* Armor.swift */,
				7524AF7B1ED48E9D00145132 /* ArmorDictionary.swift */,
				7524AF7C1ED48E9D00145132 /* Enemy.swift */,
				7524AF7D1ED48E9D00145132 /* EnemyDictionary.swift */,
				7524AF7E1ED48E9D00145132 /* Entity.swift */,
				7524AF7F1ED48E9D00145132 /* Item.swift */,
				7524AF801ED48E9D00145132 /* ItemDictionary.swift */,
				7524AF811ED48E9D00145132 /* player.swift */,
				7524AF821ED48E9D00145132 /* Shield.swift */,
				7524AF831ED48E9D00145132 /* ShieldDictionary.swift */,
				7524AF841ED48E9D00145132 /* Story.swift */,
				7524AF851ED48E9D00145132 /* Weapon.swift */,
				7524AF861ED48E9D00145132 /* WeaponDictionary.swift */,
				75D1D65C1ED5EA21009C85C5 /* deutschgothic.ttf */,
			);
			path = ShardsOfTheInfinite;
			sourceTree = "<group>";
		};
/* End PBXGroup section */

/* Begin PBXNativeTarget section */
		75E841721EC6086C00AF5019 /* ShardsOfTheInfinite */ = {
			isa = PBXNativeTarget;
			buildConfigurationList = 75E841851EC6086D00AF5019 /* Build configuration list for PBXNativeTarget "ShardsOfTheInfinite" */;
			buildPhases = (
				75E8416F1EC6086C00AF5019 /* Sources */,
				75E841701EC6086C00AF5019 /* Frameworks */,
				75E841711EC6086C00AF5019 /* Resources */,
			);
			buildRules = (
			);
			dependencies = (
			);
			name = ShardsOfTheInfinite;
			productName = ShardsOfTheInfinite;
			productReference = 75E841731EC6086D00AF5019 /* ShardsOfTheInfinite.app */;
			productType = "com.apple.product-type.application";
		};
/* End PBXNativeTarget section */

/* Begin PBXProject section */
		75E8416B1EC6086C00AF5019 /* Project object */ = {
			isa = PBXProject;
			attributes = {
				LastSwiftUpdateCheck = 0820;
				LastUpgradeCheck = 0820;
				ORGANIZATIONNAME = SBHS;
				TargetAttributes = {
					75E841721EC6086C00AF5019 = {
						CreatedOnToolsVersion = 8.2.1;
						ProvisioningStyle = Automatic;
					};
				};
			};
			buildConfigurationList = 75E8416E1EC6086C00AF5019 /* Build configuration list for PBXProject "ShardsOfTheInfinite" */;
			compatibilityVersion = "Xcode 3.2";
			developmentRegion = English;
			hasScannedForEncodings = 0;
			knownRegions = (
				en,
				Base,
			);
			mainGroup = 75E8416A1EC6086C00AF5019;
			productRefGroup = 75E841741EC6086D00AF5019 /* Products */;
			projectDirPath = "";
			projectRoot = "";
			targets = (
				75E841721EC6086C00AF5019 /* ShardsOfTheInfinite */,
			);
		};
/* End PBXProject section */

/* Begin PBXResourcesBuildPhase section */
		75E841711EC6086C00AF5019 /* Resources */ = {
			isa = PBXResourcesBuildPhase;
			buildActionMask = 2147483647;
			files = (
				75D1D65B1ED5EA05009C85C5 /* Main.storyboard in Resources */,
				75D1D64F1ED5E9C2009C85C5 /* Assets.xcassets in Resources */,
				75E841811EC6086D00AF5019 /* LaunchScreen.storyboard in Resources */,
				75D1D65D1ED5EA21009C85C5 /* deutschgothic.ttf in Resources */,
			);
			runOnlyForDeploymentPostprocessing = 0;
		};
/* End PBXResourcesBuildPhase section */

/* Begin PBXSourcesBuildPhase section */
		75E8416F1EC6086C00AF5019 /* Sources */ = {
			isa = PBXSourcesBuildPhase;
			buildActionMask = 2147483647;
			files = (
				7524AF901ED48E9D00145132 /* ShieldDictionary.swift in Sources */,
				7524AF891ED48E9D00145132 /* Enemy.swift in Sources */,
				75E841771EC6086D00AF5019 /* AppDelegate.swift in Sources */,
				75D1D6581ED5E9EB009C85C5 /* StartScreenViewController.swift in Sources */,
				7524AF8B1ED48E9D00145132 /* Entity.swift in Sources */,
				7524AF921ED48E9D00145132 /* Weapon.swift in Sources */,
				7524AF931ED48E9D00145132 /* WeaponDictionary.swift in Sources */,
				7524AF871ED48E9D00145132 /* Armor.swift in Sources */,
				75D1D6591ED5E9EB009C85C5 /* StoreViewController.swift in Sources */,
				75D1D6551ED5E9EB009C85C5 /* InventoryViewController.swift in Sources */,
				75D1D6561ED5E9EB009C85C5 /* myTransitionlalalal.swift in Sources */,
				7524AF8E1ED48E9D00145132 /* player.swift in Sources */,
				7524AF8D1ED48E9D00145132 /* ItemDictionary.swift in Sources */,
				7524AF8F1ED48E9D00145132 /* Shield.swift in Sources */,
				75D1D6571ED5E9EB009C85C5 /* SettingsViewController.swift in Sources */,
				7524AF8C1ED48E9D00145132 /* Item.swift in Sources */,
				7524AF881ED48E9D00145132 /* ArmorDictionary.swift in Sources */,
				7524AF8A1ED48E9D00145132 /* EnemyDictionary.swift in Sources */,
				7524AF911ED48E9D00145132 /* Story.swift in Sources */,
			);
			runOnlyForDeploymentPostprocessing = 0;
		};
/* End PBXSourcesBuildPhase section */

/* Begin PBXVariantGroup section */
		75E8417F1EC6086D00AF5019 /* LaunchScreen.storyboard */ = {
			isa = PBXVariantGroup;
			children = (
				75E841801EC6086D00AF5019 /* Base */,
			);
			name = LaunchScreen.storyboard;
			sourceTree = "<group>";
		};
/* End PBXVariantGroup section */

/* Begin XCBuildConfiguration section */
		75E841831EC6086D00AF5019 /* Debug */ = {
			isa = XCBuildConfiguration;
			buildSettings = {
				ALWAYS_SEARCH_USER_PATHS = NO;
				CLANG_ANALYZER_NONNULL = YES;
				CLANG_CXX_LANGUAGE_STANDARD = "gnu++0x";
				CLANG_CXX_LIBRARY = "libc++";
				CLANG_ENABLE_MODULES = YES;
				CLANG_ENABLE_OBJC_ARC = YES;
				CLANG_WARN_BOOL_CONVERSION = YES;
				CLANG_WARN_CONSTANT_CONVERSION = YES;
				CLANG_WARN_DIRECT_OBJC_ISA_USAGE = YES_ERROR;
				CLANG_WARN_DOCUMENTATION_COMMENTS = YES;
				CLANG_WARN_EMPTY_BODY = YES;
				CLANG_WARN_ENUM_CONVERSION = YES;
				CLANG_WARN_INFINITE_RECURSION = YES;
				CLANG_WARN_INT_CONVERSION = YES;
				CLANG_WARN_OBJC_ROOT_CLASS = YES_ERROR;
				CLANG_WARN_SUSPICIOUS_MOVE = YES;
				CLANG_WARN_UNREACHABLE_CODE = YES;
				CLANG_WARN__DUPLICATE_METHOD_MATCH = YES;
				"CODE_SIGN_IDENTITY[sdk=iphoneos*]" = "iPhone Developer";
				COPY_PHASE_STRIP = NO;
				DEBUG_INFORMATION_FORMAT = dwarf;
				ENABLE_STRICT_OBJC_MSGSEND = YES;
				ENABLE_TESTABILITY = YES;
				GCC_C_LANGUAGE_STANDARD = gnu99;
				GCC_DYNAMIC_NO_PIC = NO;
				GCC_NO_COMMON_BLOCKS = YES;
				GCC_OPTIMIZATION_LEVEL = 0;
				GCC_PREPROCESSOR_DEFINITIONS = (
					"DEBUG=1",
					"$(inherited)",
				);
				GCC_WARN_64_TO_32_BIT_CONVERSION = YES;
				GCC_WARN_ABOUT_RETURN_TYPE = YES_ERROR;
				GCC_WARN_UNDECLARED_SELECTOR = YES;
				GCC_WARN_UNINITIALIZED_AUTOS = YES_AGGRESSIVE;
				GCC_WARN_UNUSED_FUNCTION = YES;
				GCC_WARN_UNUSED_VARIABLE = YES;
				IPHONEOS_DEPLOYMENT_TARGET = 10.2;
				MTL_ENABLE_DEBUG_INFO = YES;
				ONLY_ACTIVE_ARCH = YES;
				SDKROOT = iphoneos;
				SWIFT_ACTIVE_COMPILATION_CONDITIONS = DEBUG;
				SWIFT_OPTIMIZATION_LEVEL = "-Onone";
			};
			name = Debug;
		};
		75E841841EC6086D00AF5019 /* Release */ = {
			isa = XCBuildConfiguration;
			buildSettings = {
				ALWAYS_SEARCH_USER_PATHS = NO;
				CLANG_ANALYZER_NONNULL = YES;
				CLANG_CXX_LANGUAGE_STANDARD = "gnu++0x";
				CLANG_CXX_LIBRARY = "libc++";
				CLANG_ENABLE_MODULES = YES;
				CLANG_ENABLE_OBJC_ARC = YES;
				CLANG_WARN_BOOL_CONVERSION = YES;
				CLANG_WARN_CONSTANT_CONVERSION = YES;
				CLANG_WARN_DIRECT_OBJC_ISA_USAGE = YES_ERROR;
				CLANG_WARN_DOCUMENTATION_COMMENTS = YES;
				CLANG_WARN_EMPTY_BODY = YES;
				CLANG_WARN_ENUM_CONVERSION = YES;
				CLANG_WARN_INFINITE_RECURSION = YES;
				CLANG_WARN_INT_CONVERSION = YES;
				CLANG_WARN_OBJC_ROOT_CLASS = YES_ERROR;
				CLANG_WARN_SUSPICIOUS_MOVE = YES;
				CLANG_WARN_UNREACHABLE_CODE = YES;
				CLANG_WARN__DUPLICATE_METHOD_MATCH = YES;
				"CODE_SIGN_IDENTITY[sdk=iphoneos*]" = "iPhone Developer";
				COPY_PHASE_STRIP = NO;
				DEBUG_INFORMATION_FORMAT = "dwarf-with-dsym";
				ENABLE_NS_ASSERTIONS = NO;
				ENABLE_STRICT_OBJC_MSGSEND = YES;
				GCC_C_LANGUAGE_STANDARD = gnu99;
				GCC_NO_COMMON_BLOCKS = YES;
				GCC_WARN_64_TO_32_BIT_CONVERSION = YES;
				GCC_WARN_ABOUT_RETURN_TYPE = YES_ERROR;
				GCC_WARN_UNDECLARED_SELECTOR = YES;
				GCC_WARN_UNINITIALIZED_AUTOS = YES_AGGRESSIVE;
				GCC_WARN_UNUSED_FUNCTION = YES;
				GCC_WARN_UNUSED_VARIABLE = YES;
				IPHONEOS_DEPLOYMENT_TARGET = 10.2;
				MTL_ENABLE_DEBUG_INFO = NO;
				SDKROOT = iphoneos;
				SWIFT_OPTIMIZATION_LEVEL = "-Owholemodule";
				VALIDATE_PRODUCT = YES;
			};
			name = Release;
		};
		75E841861EC6086D00AF5019 /* Debug */ = {
			isa = XCBuildConfiguration;
			buildSettings = {
				ASSETCATALOG_COMPILER_APPICON_NAME = AppIcon;
				INFOPLIST_FILE = ShardsOfTheInfinite/Info.plist;
				IPHONEOS_DEPLOYMENT_TARGET = 10.0;
				LD_RUNPATH_SEARCH_PATHS = "$(inherited) @executable_path/Frameworks";
				PRODUCT_BUNDLE_IDENTIFIER = com.sbhs.Mobile.ShardsOfTheInfinite;
				PRODUCT_NAME = "$(TARGET_NAME)";
				SWIFT_VERSION = 3.0;
			};
			name = Debug;
		};
		75E841871EC6086D00AF5019 /* Release */ = {
			isa = XCBuildConfiguration;
			buildSettings = {
				ASSETCATALOG_COMPILER_APPICON_NAME = AppIcon;
				INFOPLIST_FILE = ShardsOfTheInfinite/Info.plist;
				IPHONEOS_DEPLOYMENT_TARGET = 10.0;
				LD_RUNPATH_SEARCH_PATHS = "$(inherited) @executable_path/Frameworks";
				PRODUCT_BUNDLE_IDENTIFIER = com.sbhs.Mobile.ShardsOfTheInfinite;
				PRODUCT_NAME = "$(TARGET_NAME)";
				SWIFT_VERSION = 3.0;
			};
			name = Release;
		};
/* End XCBuildConfiguration section */

/* Begin XCConfigurationList section */
		75E8416E1EC6086C00AF5019 /* Build configuration list for PBXProject "ShardsOfTheInfinite" */ = {
			isa = XCConfigurationList;
			buildConfigurations = (
				75E841831EC6086D00AF5019 /* Debug */,
				75E841841EC6086D00AF5019 /* Release */,
			);
			defaultConfigurationIsVisible = 0;
			defaultConfigurationName = Release;
		};
		75E841851EC6086D00AF5019 /* Build configuration list for PBXNativeTarget "ShardsOfTheInfinite" */ = {
			isa = XCConfigurationList;
			buildConfigurations = (
				75E841861EC6086D00AF5019 /* Debug */,
				75E841871EC6086D00AF5019 /* Release */,
			);
			defaultConfigurationIsVisible = 0;
			defaultConfigurationName = Release;
		};
/* End XCConfigurationList section */
	};
	rootObject = 75E8416B1EC6086C00AF5019 /* Project object */;
}
